// !$*UTF8*$!
{
	archiveVersion = 1;
	classes = {
	};
	objectVersion = 56;
	objects = {

/* Begin PBXBuildFile section */
		380CAE192A69A97100A313EF /* Podcast.xcdatamodeld in Sources */ = {isa = PBXBuildFile; fileRef = 380CAE172A69A97100A313EF /* Podcast.xcdatamodeld */; };
		382E162E2A6720E3004E8FFE /* FavoritePodcastCell.swift in Sources */ = {isa = PBXBuildFile; fileRef = 382E162D2A6720E3004E8FFE /* FavoritePodcastCell.swift */; };
		3837E7E12A6476E0007972C7 /* PlayerViewController.swift in Sources */ = {isa = PBXBuildFile; fileRef = 3837E7E02A6476E0007972C7 /* PlayerViewController.swift */; };
		3856E5002A62FED40063B27C /* CMTime.swift in Sources */ = {isa = PBXBuildFile; fileRef = 3856E4FF2A62FED40063B27C /* CMTime.swift */; };
		3856E5022A63052C0063B27C /* Episode.swift in Sources */ = {isa = PBXBuildFile; fileRef = 3856E5012A63052C0063B27C /* Episode.swift */; };
		3856E5042A632F020063B27C /* EpisodeCellViewModel.swift in Sources */ = {isa = PBXBuildFile; fileRef = 3856E5032A632F020063B27C /* EpisodeCellViewModel.swift */; };
		38B6CA2C2A5F401000CC3482 /* AppDelegate.swift in Sources */ = {isa = PBXBuildFile; fileRef = 38B6CA2B2A5F401000CC3482 /* AppDelegate.swift */; };
		38B6CA2E2A5F401000CC3482 /* SceneDelegate.swift in Sources */ = {isa = PBXBuildFile; fileRef = 38B6CA2D2A5F401000CC3482 /* SceneDelegate.swift */; };
		38B6CA352A5F401000CC3482 /* Assets.xcassets in Resources */ = {isa = PBXBuildFile; fileRef = 38B6CA342A5F401000CC3482 /* Assets.xcassets */; };
		38B6CA382A5F401000CC3482 /* LaunchScreen.storyboard in Resources */ = {isa = PBXBuildFile; fileRef = 38B6CA362A5F401000CC3482 /* LaunchScreen.storyboard */; };
		38B6CA432A5F419F00CC3482 /* MainTabBarController.swift in Sources */ = {isa = PBXBuildFile; fileRef = 38B6CA422A5F419F00CC3482 /* MainTabBarController.swift */; };
		38C9B2DA2A61B68D0097909A /* EpisodesController.swift in Sources */ = {isa = PBXBuildFile; fileRef = 38C9B2D92A61B68D0097909A /* EpisodesController.swift */; };
		38C9B2DC2A61D9E70097909A /* EpisodeCell.swift in Sources */ = {isa = PBXBuildFile; fileRef = 38C9B2DB2A61D9E70097909A /* EpisodeCell.swift */; };
		38C9B2DF2A61DCFC0097909A /* FeedKit in Frameworks */ = {isa = PBXBuildFile; productRef = 38C9B2DE2A61DCFC0097909A /* FeedKit */; };
		38C9B2E12A61DD1E0097909A /* EpisodeService.swift in Sources */ = {isa = PBXBuildFile; fileRef = 38C9B2E02A61DD1E0097909A /* EpisodeService.swift */; };
		38D50E032A60302A0004FDCF /* FavoriteViewController.swift in Sources */ = {isa = PBXBuildFile; fileRef = 38D50E022A60302A0004FDCF /* FavoriteViewController.swift */; };
		38D50E052A6030430004FDCF /* SearchBarViewController.swift in Sources */ = {isa = PBXBuildFile; fileRef = 38D50E042A6030430004FDCF /* SearchBarViewController.swift */; };
		38D50E072A6030570004FDCF /* DownloadsViewController.swift in Sources */ = {isa = PBXBuildFile; fileRef = 38D50E062A6030570004FDCF /* DownloadsViewController.swift */; };
		38D9E1D92A608E4800949713 /* Kingfisher in Frameworks */ = {isa = PBXBuildFile; productRef = 38D9E1D82A608E4800949713 /* Kingfisher */; };
		38D9E1DC2A608F4000949713 /* SearchViewModel.swift in Sources */ = {isa = PBXBuildFile; fileRef = 38D9E1DB2A608F4000949713 /* SearchViewModel.swift */; };
		38F589DB2A604F290070B0FF /* Alamofire in Frameworks */ = {isa = PBXBuildFile; productRef = 38F589DA2A604F290070B0FF /* Alamofire */; };
		38F589DE2A60588F0070B0FF /* SearchBarCell.swift in Sources */ = {isa = PBXBuildFile; fileRef = 38F589DD2A60588F0070B0FF /* SearchBarCell.swift */; };
		38F589E12A6084810070B0FF /* Search.swift in Sources */ = {isa = PBXBuildFile; fileRef = 38F589E02A6084810070B0FF /* Search.swift */; };
		38F589E42A60850B0070B0FF /* SearchService.swift in Sources */ = {isa = PBXBuildFile; fileRef = 38F589E32A60850B0070B0FF /* SearchService.swift */; };
/* End PBXBuildFile section */

/* Begin PBXFileReference section */
		380CAE182A69A97100A313EF /* Podcast.xcdatamodel */ = {isa = PBXFileReference; lastKnownFileType = wrapper.xcdatamodel; path = Podcast.xcdatamodel; sourceTree = "<group>"; };
		382E162D2A6720E3004E8FFE /* FavoritePodcastCell.swift */ = {isa = PBXFileReference; lastKnownFileType = sourcecode.swift; path = FavoritePodcastCell.swift; sourceTree = "<group>"; };
		3837E7E02A6476E0007972C7 /* PlayerViewController.swift */ = {isa = PBXFileReference; lastKnownFileType = sourcecode.swift; path = PlayerViewController.swift; sourceTree = "<group>"; };
		3856E4FF2A62FED40063B27C /* CMTime.swift */ = {isa = PBXFileReference; lastKnownFileType = sourcecode.swift; path = CMTime.swift; sourceTree = "<group>"; };
		3856E5012A63052C0063B27C /* Episode.swift */ = {isa = PBXFileReference; lastKnownFileType = sourcecode.swift; path = Episode.swift; sourceTree = "<group>"; };
		3856E5032A632F020063B27C /* EpisodeCellViewModel.swift */ = {isa = PBXFileReference; lastKnownFileType = sourcecode.swift; path = EpisodeCellViewModel.swift; sourceTree = "<group>"; };
		38B6CA282A5F401000CC3482 /* Podcasts.app */ = {isa = PBXFileReference; explicitFileType = wrapper.application; includeInIndex = 0; path = Podcasts.app; sourceTree = BUILT_PRODUCTS_DIR; };
		38B6CA2B2A5F401000CC3482 /* AppDelegate.swift */ = {isa = PBXFileReference; lastKnownFileType = sourcecode.swift; path = AppDelegate.swift; sourceTree = "<group>"; };
		38B6CA2D2A5F401000CC3482 /* SceneDelegate.swift */ = {isa = PBXFileReference; lastKnownFileType = sourcecode.swift; path = SceneDelegate.swift; sourceTree = "<group>"; };
		38B6CA342A5F401000CC3482 /* Assets.xcassets */ = {isa = PBXFileReference; lastKnownFileType = folder.assetcatalog; path = Assets.xcassets; sourceTree = "<group>"; };
		38B6CA372A5F401000CC3482 /* Base */ = {isa = PBXFileReference; lastKnownFileType = file.storyboard; name = Base; path = Base.lproj/LaunchScreen.storyboard; sourceTree = "<group>"; };
		38B6CA392A5F401000CC3482 /* Info.plist */ = {isa = PBXFileReference; lastKnownFileType = text.plist.xml; path = Info.plist; sourceTree = "<group>"; };
		38B6CA422A5F419F00CC3482 /* MainTabBarController.swift */ = {isa = PBXFileReference; lastKnownFileType = sourcecode.swift; path = MainTabBarController.swift; sourceTree = "<group>"; };
		38C9B2D92A61B68D0097909A /* EpisodesController.swift */ = {isa = PBXFileReference; lastKnownFileType = sourcecode.swift; path = EpisodesController.swift; sourceTree = "<group>"; };
		38C9B2DB2A61D9E70097909A /* EpisodeCell.swift */ = {isa = PBXFileReference; lastKnownFileType = sourcecode.swift; path = EpisodeCell.swift; sourceTree = "<group>"; };
		38C9B2E02A61DD1E0097909A /* EpisodeService.swift */ = {isa = PBXFileReference; lastKnownFileType = sourcecode.swift; path = EpisodeService.swift; sourceTree = "<group>"; };
		38D50E022A60302A0004FDCF /* FavoriteViewController.swift */ = {isa = PBXFileReference; lastKnownFileType = sourcecode.swift; path = FavoriteViewController.swift; sourceTree = "<group>"; };
		38D50E042A6030430004FDCF /* SearchBarViewController.swift */ = {isa = PBXFileReference; lastKnownFileType = sourcecode.swift; path = SearchBarViewController.swift; sourceTree = "<group>"; };
		38D50E062A6030570004FDCF /* DownloadsViewController.swift */ = {isa = PBXFileReference; lastKnownFileType = sourcecode.swift; path = DownloadsViewController.swift; sourceTree = "<group>"; };
		38D9E1DB2A608F4000949713 /* SearchViewModel.swift */ = {isa = PBXFileReference; lastKnownFileType = sourcecode.swift; path = SearchViewModel.swift; sourceTree = "<group>"; };
		38F589DD2A60588F0070B0FF /* SearchBarCell.swift */ = {isa = PBXFileReference; lastKnownFileType = sourcecode.swift; path = SearchBarCell.swift; sourceTree = "<group>"; };
		38F589E02A6084810070B0FF /* Search.swift */ = {isa = PBXFileReference; lastKnownFileType = sourcecode.swift; path = Search.swift; sourceTree = "<group>"; };
		38F589E32A60850B0070B0FF /* SearchService.swift */ = {isa = PBXFileReference; lastKnownFileType = sourcecode.swift; path = SearchService.swift; sourceTree = "<group>"; };
/* End PBXFileReference section */

/* Begin PBXFrameworksBuildPhase section */
		38B6CA252A5F401000CC3482 /* Frameworks */ = {
			isa = PBXFrameworksBuildPhase;
			buildActionMask = 2147483647;
			files = (
				38C9B2DF2A61DCFC0097909A /* FeedKit in Frameworks */,
				38D9E1D92A608E4800949713 /* Kingfisher in Frameworks */,
				38F589DB2A604F290070B0FF /* Alamofire in Frameworks */,
			);
			runOnlyForDeploymentPostprocessing = 0;
		};
/* End PBXFrameworksBuildPhase section */

/* Begin PBXGroup section */
		3856E4FE2A62FE5A0063B27C /* Extension */ = {
			isa = PBXGroup;
			children = (
				3856E4FF2A62FED40063B27C /* CMTime.swift */,
			);
			path = Extension;
			sourceTree = "<group>";
		};
		38B6CA1F2A5F401000CC3482 = {
			isa = PBXGroup;
			children = (
				38B6CA2A2A5F401000CC3482 /* Podcasts */,
				38B6CA292A5F401000CC3482 /* Products */,
			);
			sourceTree = "<group>";
		};
		38B6CA292A5F401000CC3482 /* Products */ = {
			isa = PBXGroup;
			children = (
				38B6CA282A5F401000CC3482 /* Podcasts.app */,
			);
			name = Products;
			sourceTree = "<group>";
		};
		38B6CA2A2A5F401000CC3482 /* Podcasts */ = {
			isa = PBXGroup;
			children = (
				3856E4FE2A62FE5A0063B27C /* Extension */,
				38D9E1DA2A608F2600949713 /* ViewModel */,
				38F589E22A6084ED0070B0FF /* Service */,
				38F589DF2A60846E0070B0FF /* Model */,
				38F589DC2A6058750070B0FF /* View */,
				38D50E0B2A6037F50004FDCF /* Controller */,
				38B6CA3F2A5F403000CC3482 /* Files */,
			);
			path = Podcasts;
			sourceTree = "<group>";
		};
		38B6CA3F2A5F403000CC3482 /* Files */ = {
			isa = PBXGroup;
			children = (
				38B6CA392A5F401000CC3482 /* Info.plist */,
				38B6CA2B2A5F401000CC3482 /* AppDelegate.swift */,
				38B6CA2D2A5F401000CC3482 /* SceneDelegate.swift */,
				38B6CA342A5F401000CC3482 /* Assets.xcassets */,
				38B6CA362A5F401000CC3482 /* LaunchScreen.storyboard */,
				380CAE172A69A97100A313EF /* Podcast.xcdatamodeld */,
			);
			name = Files;
			sourceTree = "<group>";
		};
		38D50E0B2A6037F50004FDCF /* Controller */ = {
			isa = PBXGroup;
			children = (
				38B6CA422A5F419F00CC3482 /* MainTabBarController.swift */,
				38D50E022A60302A0004FDCF /* FavoriteViewController.swift */,
				38D50E062A6030570004FDCF /* DownloadsViewController.swift */,
				38D50E042A6030430004FDCF /* SearchBarViewController.swift */,
				38C9B2D92A61B68D0097909A /* EpisodesController.swift */,
				3837E7E02A6476E0007972C7 /* PlayerViewController.swift */,
			);
			path = Controller;
			sourceTree = "<group>";
		};
		38D9E1DA2A608F2600949713 /* ViewModel */ = {
			isa = PBXGroup;
			children = (
				38D9E1DB2A608F4000949713 /* SearchViewModel.swift */,
				3856E5032A632F020063B27C /* EpisodeCellViewModel.swift */,
			);
			path = ViewModel;
			sourceTree = "<group>";
		};
		38F589DC2A6058750070B0FF /* View */ = {
			isa = PBXGroup;
			children = (
				38F589DD2A60588F0070B0FF /* SearchBarCell.swift */,
				38C9B2DB2A61D9E70097909A /* EpisodeCell.swift */,
				382E162D2A6720E3004E8FFE /* FavoritePodcastCell.swift */,
			);
			path = View;
			sourceTree = "<group>";
		};
		38F589DF2A60846E0070B0FF /* Model */ = {
			isa = PBXGroup;
			children = (
				38F589E02A6084810070B0FF /* Search.swift */,
				3856E5012A63052C0063B27C /* Episode.swift */,
			);
			path = Model;
			sourceTree = "<group>";
		};
		38F589E22A6084ED0070B0FF /* Service */ = {
			isa = PBXGroup;
			children = (
				38F589E32A60850B0070B0FF /* SearchService.swift */,
				38C9B2E02A61DD1E0097909A /* EpisodeService.swift */,
			);
			path = Service;
			sourceTree = "<group>";
		};
/* End PBXGroup section */

/* Begin PBXNativeTarget section */
		38B6CA272A5F401000CC3482 /* Podcasts */ = {
			isa = PBXNativeTarget;
			buildConfigurationList = 38B6CA3C2A5F401000CC3482 /* Build configuration list for PBXNativeTarget "Podcasts" */;
			buildPhases = (
				38B6CA242A5F401000CC3482 /* Sources */,
				38B6CA252A5F401000CC3482 /* Frameworks */,
				38B6CA262A5F401000CC3482 /* Resources */,
			);
			buildRules = (
			);
			dependencies = (
			);
			name = Podcasts;
			packageProductDependencies = (
				38F589DA2A604F290070B0FF /* Alamofire */,
				38D9E1D82A608E4800949713 /* Kingfisher */,
				38C9B2DE2A61DCFC0097909A /* FeedKit */,
			);
			productName = Podcasts;
			productReference = 38B6CA282A5F401000CC3482 /* Podcasts.app */;
			productType = "com.apple.product-type.application";
		};
/* End PBXNativeTarget section */

/* Begin PBXProject section */
		38B6CA202A5F401000CC3482 /* Project object */ = {
			isa = PBXProject;
			attributes = {
				BuildIndependentTargetsInParallel = 1;
				LastSwiftUpdateCheck = 1430;
				LastUpgradeCheck = 1430;
				TargetAttributes = {
					38B6CA272A5F401000CC3482 = {
						CreatedOnToolsVersion = 14.3.1;
					};
				};
			};
			buildConfigurationList = 38B6CA232A5F401000CC3482 /* Build configuration list for PBXProject "Podcasts" */;
			compatibilityVersion = "Xcode 14.0";
			developmentRegion = en;
			hasScannedForEncodings = 0;
			knownRegions = (
				en,
				Base,
			);
			mainGroup = 38B6CA1F2A5F401000CC3482;
			packageReferences = (
				38F589D92A604F290070B0FF /* XCRemoteSwiftPackageReference "Alamofire" */,
				38D9E1D72A608E4800949713 /* XCRemoteSwiftPackageReference "Kingfisher" */,
				38C9B2DD2A61DCFC0097909A /* XCRemoteSwiftPackageReference "FeedKit" */,
			);
			productRefGroup = 38B6CA292A5F401000CC3482 /* Products */;
			projectDirPath = "";
			projectRoot = "";
			targets = (
				38B6CA272A5F401000CC3482 /* Podcasts */,
			);
		};
/* End PBXProject section */

/* Begin PBXResourcesBuildPhase section */
		38B6CA262A5F401000CC3482 /* Resources */ = {
			isa = PBXResourcesBuildPhase;
			buildActionMask = 2147483647;
			files = (
				38B6CA382A5F401000CC3482 /* LaunchScreen.storyboard in Resources */,
				38B6CA352A5F401000CC3482 /* Assets.xcassets in Resources */,
			);
			runOnlyForDeploymentPostprocessing = 0;
		};
/* End PBXResourcesBuildPhase section */

/* Begin PBXSourcesBuildPhase section */
		38B6CA242A5F401000CC3482 /* Sources */ = {
			isa = PBXSourcesBuildPhase;
			buildActionMask = 2147483647;
			files = (
				38F589E42A60850B0070B0FF /* SearchService.swift in Sources */,
				38C9B2DA2A61B68D0097909A /* EpisodesController.swift in Sources */,
				38F589DE2A60588F0070B0FF /* SearchBarCell.swift in Sources */,
				38B6CA2C2A5F401000CC3482 /* AppDelegate.swift in Sources */,
				38D50E052A6030430004FDCF /* SearchBarViewController.swift in Sources */,
				3856E5002A62FED40063B27C /* CMTime.swift in Sources */,
				38C9B2DC2A61D9E70097909A /* EpisodeCell.swift in Sources */,
				380CAE192A69A97100A313EF /* Podcast.xcdatamodeld in Sources */,
				38D50E072A6030570004FDCF /* DownloadsViewController.swift in Sources */,
				38B6CA2E2A5F401000CC3482 /* SceneDelegate.swift in Sources */,
				38D9E1DC2A608F4000949713 /* SearchViewModel.swift in Sources */,
				3856E5042A632F020063B27C /* EpisodeCellViewModel.swift in Sources */,
				38F589E12A6084810070B0FF /* Search.swift in Sources */,
				38C9B2E12A61DD1E0097909A /* EpisodeService.swift in Sources */,
				38D50E032A60302A0004FDCF /* FavoriteViewController.swift in Sources */,
				3856E5022A63052C0063B27C /* Episode.swift in Sources */,
				382E162E2A6720E3004E8FFE /* FavoritePodcastCell.swift in Sources */,
				38B6CA432A5F419F00CC3482 /* MainTabBarController.swift in Sources */,
				3837E7E12A6476E0007972C7 /* PlayerViewController.swift in Sources */,
			);
			runOnlyForDeploymentPostprocessing = 0;
		};
/* End PBXSourcesBuildPhase section */

/* Begin PBXVariantGroup section */
		38B6CA362A5F401000CC3482 /* LaunchScreen.storyboard */ = {
			isa = PBXVariantGroup;
			children = (
				38B6CA372A5F401000CC3482 /* Base */,
			);
			name = LaunchScreen.storyboard;
			sourceTree = "<group>";
		};
/* End PBXVariantGroup section */

/* Begin XCBuildConfiguration section */
		38B6CA3A2A5F401000CC3482 /* Debug */ = {
			isa = XCBuildConfiguration;
			buildSettings = {
				ALWAYS_SEARCH_USER_PATHS = NO;
				CLANG_ANALYZER_NONNULL = YES;
				CLANG_ANALYZER_NUMBER_OBJECT_CONVERSION = YES_AGGRESSIVE;
				CLANG_CXX_LANGUAGE_STANDARD = "gnu++20";
				CLANG_ENABLE_MODULES = YES;
				CLANG_ENABLE_OBJC_ARC = YES;
				CLANG_ENABLE_OBJC_WEAK = YES;
				CLANG_WARN_BLOCK_CAPTURE_AUTORELEASING = YES;
				CLANG_WARN_BOOL_CONVERSION = YES;
				CLANG_WARN_COMMA = YES;
				CLANG_WARN_CONSTANT_CONVERSION = YES;
				CLANG_WARN_DEPRECATED_OBJC_IMPLEMENTATIONS = YES;
				CLANG_WARN_DIRECT_OBJC_ISA_USAGE = YES_ERROR;
				CLANG_WARN_DOCUMENTATION_COMMENTS = YES;
				CLANG_WARN_EMPTY_BODY = YES;
				CLANG_WARN_ENUM_CONVERSION = YES;
				CLANG_WARN_INFINITE_RECURSION = YES;
				CLANG_WARN_INT_CONVERSION = YES;
				CLANG_WARN_NON_LITERAL_NULL_CONVERSION = YES;
				CLANG_WARN_OBJC_IMPLICIT_RETAIN_SELF = YES;
				CLANG_WARN_OBJC_LITERAL_CONVERSION = YES;
				CLANG_WARN_OBJC_ROOT_CLASS = YES_ERROR;
				CLANG_WARN_QUOTED_INCLUDE_IN_FRAMEWORK_HEADER = YES;
				CLANG_WARN_RANGE_LOOP_ANALYSIS = YES;
				CLANG_WARN_STRICT_PROTOTYPES = YES;
				CLANG_WARN_SUSPICIOUS_MOVE = YES;
				CLANG_WARN_UNGUARDED_AVAILABILITY = YES_AGGRESSIVE;
				CLANG_WARN_UNREACHABLE_CODE = YES;
				CLANG_WARN__DUPLICATE_METHOD_MATCH = YES;
				COPY_PHASE_STRIP = NO;
				DEBUG_INFORMATION_FORMAT = dwarf;
				ENABLE_STRICT_OBJC_MSGSEND = YES;
				ENABLE_TESTABILITY = YES;
				GCC_C_LANGUAGE_STANDARD = gnu11;
				GCC_DYNAMIC_NO_PIC = NO;
				GCC_NO_COMMON_BLOCKS = YES;
				GCC_OPTIMIZATION_LEVEL = 0;
				GCC_PREPROCESSOR_DEFINITIONS = (
					"DEBUG=1",
					"$(inherited)",
				);
				GCC_WARN_64_TO_32_BIT_CONVERSION = YES;
				GCC_WARN_ABOUT_RETURN_TYPE = YES_ERROR;
				GCC_WARN_UNDECLARED_SELECTOR = YES;
				GCC_WARN_UNINITIALIZED_AUTOS = YES_AGGRESSIVE;
				GCC_WARN_UNUSED_FUNCTION = YES;
				GCC_WARN_UNUSED_VARIABLE = YES;
				IPHONEOS_DEPLOYMENT_TARGET = 16.4;
				MTL_ENABLE_DEBUG_INFO = INCLUDE_SOURCE;
				MTL_FAST_MATH = YES;
				ONLY_ACTIVE_ARCH = YES;
				SDKROOT = iphoneos;
				SWIFT_ACTIVE_COMPILATION_CONDITIONS = DEBUG;
				SWIFT_OPTIMIZATION_LEVEL = "-Onone";
			};
			name = Debug;
		};
		38B6CA3B2A5F401000CC3482 /* Release */ = {
			isa = XCBuildConfiguration;
			buildSettings = {
				ALWAYS_SEARCH_USER_PATHS = NO;
				CLANG_ANALYZER_NONNULL = YES;
				CLANG_ANALYZER_NUMBER_OBJECT_CONVERSION = YES_AGGRESSIVE;
				CLANG_CXX_LANGUAGE_STANDARD = "gnu++20";
				CLANG_ENABLE_MODULES = YES;
				CLANG_ENABLE_OBJC_ARC = YES;
				CLANG_ENABLE_OBJC_WEAK = YES;
				CLANG_WARN_BLOCK_CAPTURE_AUTORELEASING = YES;
				CLANG_WARN_BOOL_CONVERSION = YES;
				CLANG_WARN_COMMA = YES;
				CLANG_WARN_CONSTANT_CONVERSION = YES;
				CLANG_WARN_DEPRECATED_OBJC_IMPLEMENTATIONS = YES;
				CLANG_WARN_DIRECT_OBJC_ISA_USAGE = YES_ERROR;
				CLANG_WARN_DOCUMENTATION_COMMENTS = YES;
				CLANG_WARN_EMPTY_BODY = YES;
				CLANG_WARN_ENUM_CONVERSION = YES;
				CLANG_WARN_INFINITE_RECURSION = YES;
				CLANG_WARN_INT_CONVERSION = YES;
				CLANG_WARN_NON_LITERAL_NULL_CONVERSION = YES;
				CLANG_WARN_OBJC_IMPLICIT_RETAIN_SELF = YES;
				CLANG_WARN_OBJC_LITERAL_CONVERSION = YES;
				CLANG_WARN_OBJC_ROOT_CLASS = YES_ERROR;
				CLANG_WARN_QUOTED_INCLUDE_IN_FRAMEWORK_HEADER = YES;
				CLANG_WARN_RANGE_LOOP_ANALYSIS = YES;
				CLANG_WARN_STRICT_PROTOTYPES = YES;
				CLANG_WARN_SUSPICIOUS_MOVE = YES;
				CLANG_WARN_UNGUARDED_AVAILABILITY = YES_AGGRESSIVE;
				CLANG_WARN_UNREACHABLE_CODE = YES;
				CLANG_WARN__DUPLICATE_METHOD_MATCH = YES;
				COPY_PHASE_STRIP = NO;
				DEBUG_INFORMATION_FORMAT = "dwarf-with-dsym";
				ENABLE_NS_ASSERTIONS = NO;
				ENABLE_STRICT_OBJC_MSGSEND = YES;
				GCC_C_LANGUAGE_STANDARD = gnu11;
				GCC_NO_COMMON_BLOCKS = YES;
				GCC_WARN_64_TO_32_BIT_CONVERSION = YES;
				GCC_WARN_ABOUT_RETURN_TYPE = YES_ERROR;
				GCC_WARN_UNDECLARED_SELECTOR = YES;
				GCC_WARN_UNINITIALIZED_AUTOS = YES_AGGRESSIVE;
				GCC_WARN_UNUSED_FUNCTION = YES;
				GCC_WARN_UNUSED_VARIABLE = YES;
				IPHONEOS_DEPLOYMENT_TARGET = 16.4;
				MTL_ENABLE_DEBUG_INFO = NO;
				MTL_FAST_MATH = YES;
				SDKROOT = iphoneos;
				SWIFT_COMPILATION_MODE = wholemodule;
				SWIFT_OPTIMIZATION_LEVEL = "-O";
				VALIDATE_PRODUCT = YES;
			};
			name = Release;
		};
		38B6CA3D2A5F401000CC3482 /* Debug */ = {
			isa = XCBuildConfiguration;
			buildSettings = {
				ASSETCATALOG_COMPILER_APPICON_NAME = AppIcon;
				ASSETCATALOG_COMPILER_GLOBAL_ACCENT_COLOR_NAME = AccentColor;
				CODE_SIGN_STYLE = Automatic;
				CURRENT_PROJECT_VERSION = 1;
				DEVELOPMENT_TEAM = S274C7V2R8;
				GENERATE_INFOPLIST_FILE = YES;
				INFOPLIST_FILE = Podcasts/Info.plist;
				INFOPLIST_KEY_UIApplicationSupportsIndirectInputEvents = YES;
				INFOPLIST_KEY_UILaunchStoryboardName = LaunchScreen;
				INFOPLIST_KEY_UIMainStoryboardFile = "";
				INFOPLIST_KEY_UISupportedInterfaceOrientations_iPad = "UIInterfaceOrientationPortrait UIInterfaceOrientationPortraitUpsideDown UIInterfaceOrientationLandscapeLeft UIInterfaceOrientationLandscapeRight";
				INFOPLIST_KEY_UISupportedInterfaceOrientations_iPhone = "UIInterfaceOrientationPortrait UIInterfaceOrientationLandscapeLeft UIInterfaceOrientationLandscapeRight";
				LD_RUNPATH_SEARCH_PATHS = (
					"$(inherited)",
					"@executable_path/Frameworks",
				);
				MARKETING_VERSION = 1.0;
				PRODUCT_BUNDLE_IDENTIFIER = com.ramimustafa.Podcasts;
				PRODUCT_NAME = "$(TARGET_NAME)";
				SWIFT_EMIT_LOC_STRINGS = YES;
				SWIFT_VERSION = 5.0;
				TARGETED_DEVICE_FAMILY = "1,2";
			};
			name = Debug;
		};
		38B6CA3E2A5F401000CC3482 /* Release */ = {
			isa = XCBuildConfiguration;
			buildSettings = {
				ASSETCATALOG_COMPILER_APPICON_NAME = AppIcon;
				ASSETCATALOG_COMPILER_GLOBAL_ACCENT_COLOR_NAME = AccentColor;
				CODE_SIGN_STYLE = Automatic;
				CURRENT_PROJECT_VERSION = 1;
				DEVELOPMENT_TEAM = S274C7V2R8;
				GENERATE_INFOPLIST_FILE = YES;
				INFOPLIST_FILE = Podcasts/Info.plist;
				INFOPLIST_KEY_UIApplicationSupportsIndirectInputEvents = YES;
				INFOPLIST_KEY_UILaunchStoryboardName = LaunchScreen;
				INFOPLIST_KEY_UIMainStoryboardFile = "";
				INFOPLIST_KEY_UISupportedInterfaceOrientations_iPad = "UIInterfaceOrientationPortrait UIInterfaceOrientationPortraitUpsideDown UIInterfaceOrientationLandscapeLeft UIInterfaceOrientationLandscapeRight";
				INFOPLIST_KEY_UISupportedInterfaceOrientations_iPhone = "UIInterfaceOrientationPortrait UIInterfaceOrientationLandscapeLeft UIInterfaceOrientationLandscapeRight";
				LD_RUNPATH_SEARCH_PATHS = (
					"$(inherited)",
					"@executable_path/Frameworks",
				);
				MARKETING_VERSION = 1.0;
				PRODUCT_BUNDLE_IDENTIFIER = com.ramimustafa.Podcasts;
				PRODUCT_NAME = "$(TARGET_NAME)";
				SWIFT_EMIT_LOC_STRINGS = YES;
				SWIFT_VERSION = 5.0;
				TARGETED_DEVICE_FAMILY = "1,2";
			};
			name = Release;
		};
/* End XCBuildConfiguration section */

/* Begin XCConfigurationList section */
		38B6CA232A5F401000CC3482 /* Build configuration list for PBXProject "Podcasts" */ = {
			isa = XCConfigurationList;
			buildConfigurations = (
				38B6CA3A2A5F401000CC3482 /* Debug */,
				38B6CA3B2A5F401000CC3482 /* Release */,
			);
			defaultConfigurationIsVisible = 0;
			defaultConfigurationName = Release;
		};
		38B6CA3C2A5F401000CC3482 /* Build configuration list for PBXNativeTarget "Podcasts" */ = {
			isa = XCConfigurationList;
			buildConfigurations = (
				38B6CA3D2A5F401000CC3482 /* Debug */,
				38B6CA3E2A5F401000CC3482 /* Release */,
			);
			defaultConfigurationIsVisible = 0;
			defaultConfigurationName = Release;
		};
/* End XCConfigurationList section */

/* Begin XCRemoteSwiftPackageReference section */
		38C9B2DD2A61DCFC0097909A /* XCRemoteSwiftPackageReference "FeedKit" */ = {
			isa = XCRemoteSwiftPackageReference;
			repositoryURL = "https://github.com/nmdias/FeedKit.git";
			requirement = {
				kind = upToNextMajorVersion;
				minimumVersion = 9.0.0;
			};
		};
		38D9E1D72A608E4800949713 /* XCRemoteSwiftPackageReference "Kingfisher" */ = {
			isa = XCRemoteSwiftPackageReference;
			repositoryURL = "https://github.com/onevcat/Kingfisher.git";
			requirement = {
				kind = upToNextMajorVersion;
				minimumVersion = 7.0.0;
			};
		};
		38F589D92A604F290070B0FF /* XCRemoteSwiftPackageReference "Alamofire" */ = {
			isa = XCRemoteSwiftPackageReference;
			repositoryURL = "https://github.com/Alamofire/Alamofire.git";
			requirement = {
				kind = upToNextMajorVersion;
				minimumVersion = 5.0.0;
			};
		};
/* End XCRemoteSwiftPackageReference section */

/* Begin XCSwiftPackageProductDependency section */
		38C9B2DE2A61DCFC0097909A /* FeedKit */ = {
			isa = XCSwiftPackageProductDependency;
			package = 38C9B2DD2A61DCFC0097909A /* XCRemoteSwiftPackageReference "FeedKit" */;
			productName = FeedKit;
		};
		38D9E1D82A608E4800949713 /* Kingfisher */ = {
			isa = XCSwiftPackageProductDependency;
			package = 38D9E1D72A608E4800949713 /* XCRemoteSwiftPackageReference "Kingfisher" */;
			productName = Kingfisher;
		};
		38F589DA2A604F290070B0FF /* Alamofire */ = {
			isa = XCSwiftPackageProductDependency;
			package = 38F589D92A604F290070B0FF /* XCRemoteSwiftPackageReference "Alamofire" */;
			productName = Alamofire;
		};
/* End XCSwiftPackageProductDependency section */

/* Begin XCVersionGroup section */
		380CAE172A69A97100A313EF /* Podcast.xcdatamodeld */ = {
			isa = XCVersionGroup;
			children = (
				380CAE182A69A97100A313EF /* Podcast.xcdatamodel */,
			);
			currentVersion = 380CAE182A69A97100A313EF /* Podcast.xcdatamodel */;
			path = Podcast.xcdatamodeld;
			sourceTree = "<group>";
			versionGroupType = wrapper.xcdatamodel;
		};
/* End XCVersionGroup section */
	};
	rootObject = 38B6CA202A5F401000CC3482 /* Project object */;
}
